
Microsoft Visual Studio Solution File, Format Version 12.00
# Visual Studio 15
VisualStudioVersion = 15.0.28307.489
MinimumVisualStudioVersion = 10.0.40219.1
Project("{9A19103F-16F7-4668-BE54-9A1E7A4F7556}") = "ChainOfResponsibility", "CorPattern\ChainOfResponsibility.csproj", "{E886BD77-645F-4A1D-9627-34A5897FB61F}"
EndProject
Project("{9A19103F-16F7-4668-BE54-9A1E7A4F7556}") = "Decorator", "Decorator\Decorator.csproj", "{C95DC06B-FDE5-4671-B8C9-2BB25455C6EC}"
EndProject
Project("{9A19103F-16F7-4668-BE54-9A1E7A4F7556}") = "Strategy", "Strategy\Strategy.csproj", "{5178CD73-80D6-4706-B021-1076B007BF1B}"
EndProject
Project("{9A19103F-16F7-4668-BE54-9A1E7A4F7556}") = "AbstractFactory", "AbstractFactory\AbstractFactory.csproj", "{F1F17549-59DF-45C4-936E-38A501817010}"
EndProject
Project("{9A19103F-16F7-4668-BE54-9A1E7A4F7556}") = "OpenClose", "OpenClose\OpenClose.csproj", "{C5A9C8E1-E0E9-4034-B06A-DD72054A7A05}"
EndProject
Global
	GlobalSection(SolutionConfigurationPlatforms) = preSolution
		Debug|Any CPU = Debug|Any CPU
		Release|Any CPU = Release|Any CPU
	EndGlobalSection
	GlobalSection(ProjectConfigurationPlatforms) = postSolution
		{E886BD77-645F-4A1D-9627-34A5897FB61F}.Debug|Any CPU.ActiveCfg = Debug|Any CPU
		{E886BD77-645F-4A1D-9627-34A5897FB61F}.Debug|Any CPU.Build.0 = Debug|Any CPU
		{E886BD77-645F-4A1D-9627-34A5897FB61F}.Release|Any CPU.ActiveCfg = Release|Any CPU
		{E886BD77-645F-4A1D-9627-34A5897FB61F}.Release|Any CPU.Build.0 = Release|Any CPU
		{C95DC06B-FDE5-4671-B8C9-2BB25455C6EC}.Debug|Any CPU.ActiveCfg = Debug|Any CPU
		{C95DC06B-FDE5-4671-B8C9-2BB25455C6EC}.Debug|Any CPU.Build.0 = Debug|Any CPU
		{C95DC06B-FDE5-4671-B8C9-2BB25455C6EC}.Release|Any CPU.ActiveCfg = Release|Any CPU
		{C95DC06B-FDE5-4671-B8C9-2BB25455C6EC}.Release|Any CPU.Build.0 = Release|Any CPU
		{5178CD73-80D6-4706-B021-1076B007BF1B}.Debug|Any CPU.ActiveCfg = Debug|Any CPU
		{5178CD73-80D6-4706-B021-1076B007BF1B}.Debug|Any CPU.Build.0 = Debug|Any CPU
		{5178CD73-80D6-4706-B021-1076B007BF1B}.Release|Any CPU.ActiveCfg = Release|Any CPU
		{5178CD73-80D6-4706-B021-1076B007BF1B}.Release|Any CPU.Build.0 = Release|Any CPU
		{F1F17549-59DF-45C4-936E-38A501817010}.Debug|Any CPU.ActiveCfg = Debug|Any CPU
		{F1F17549-59DF-45C4-936E-38A501817010}.Debug|Any CPU.Build.0 = Debug|Any CPU
		{F1F17549-59DF-45C4-936E-38A501817010}.Release|Any CPU.ActiveCfg = Release|Any CPU
		{F1F17549-59DF-45C4-936E-38A501817010}.Release|Any CPU.Build.0 = Release|Any CPU
		{C5A9C8E1-E0E9-4034-B06A-DD72054A7A05}.Debug|Any CPU.ActiveCfg = Debug|Any CPU
		{C5A9C8E1-E0E9-4034-B06A-DD72054A7A05}.Debug|Any CPU.Build.0 = Debug|Any CPU
		{C5A9C8E1-E0E9-4034-B06A-DD72054A7A05}.Release|Any CPU.ActiveCfg = Release|Any CPU
		{C5A9C8E1-E0E9-4034-B06A-DD72054A7A05}.Release|Any CPU.Build.0 = Release|Any CPU
	EndGlobalSection
	GlobalSection(SolutionProperties) = preSolution
		HideSolutionNode = FALSE
	EndGlobalSection
	GlobalSection(ExtensibilityGlobals) = postSolution
		SolutionGuid = {73547EF6-E217-4331-AD76-18F948186F2F}
	EndGlobalSection
EndGlobal
