
Microsoft Visual Studio Solution File, Format Version 12.00
# Visual Studio 15
VisualStudioVersion = 15.0.28307.489
MinimumVisualStudioVersion = 10.0.40219.1
Project("{9A19103F-16F7-4668-BE54-9A1E7A4F7556}") = "ChainOfResponsibility", "CorPattern\ChainOfResponsibility.csproj", "{E886BD77-645F-4A1D-9627-34A5897FB61F}"
EndProject
Project("{9A19103F-16F7-4668-BE54-9A1E7A4F7556}") = "Decorator", "Decorator\Decorator.csproj", "{C95DC06B-FDE5-4671-B8C9-2BB25455C6EC}"
EndProject
Project("{9A19103F-16F7-4668-BE54-9A1E7A4F7556}") = "Strategy", "Strategy\Strategy.csproj", "{5178CD73-80D6-4706-B021-1076B007BF1B}"
EndProject
Project("{FAE04EC0-301F-11D3-BF4B-00C04F79EFBC}") = "FactoryMethod", "FactoryMethod\FactoryMethod.csproj", "{63AEFE3F-B528-4BA2-B7C8-9B26513D455A}"
EndProject
Global
	GlobalSection(SolutionConfigurationPlatforms) = preSolution
		Debug|Any CPU = Debug|Any CPU
		Release|Any CPU = Release|Any CPU
	EndGlobalSection
	GlobalSection(ProjectConfigurationPlatforms) = postSolution
		{E886BD77-645F-4A1D-9627-34A5897FB61F}.Debug|Any CPU.ActiveCfg = Debug|Any CPU
		{E886BD77-645F-4A1D-9627-34A5897FB61F}.Debug|Any CPU.Build.0 = Debug|Any CPU
		{E886BD77-645F-4A1D-9627-34A5897FB61F}.Release|Any CPU.ActiveCfg = Release|Any CPU
		{E886BD77-645F-4A1D-9627-34A5897FB61F}.Release|Any CPU.Build.0 = Release|Any CPU
		{C95DC06B-FDE5-4671-B8C9-2BB25455C6EC}.Debug|Any CPU.ActiveCfg = Debug|Any CPU
		{C95DC06B-FDE5-4671-B8C9-2BB25455C6EC}.Debug|Any CPU.Build.0 = Debug|Any CPU
		{C95DC06B-FDE5-4671-B8C9-2BB25455C6EC}.Release|Any CPU.ActiveCfg = Release|Any CPU
		{C95DC06B-FDE5-4671-B8C9-2BB25455C6EC}.Release|Any CPU.Build.0 = Release|Any CPU
		{5178CD73-80D6-4706-B021-1076B007BF1B}.Debug|Any CPU.ActiveCfg = Debug|Any CPU
		{5178CD73-80D6-4706-B021-1076B007BF1B}.Debug|Any CPU.Build.0 = Debug|Any CPU
		{5178CD73-80D6-4706-B021-1076B007BF1B}.Release|Any CPU.ActiveCfg = Release|Any CPU
		{5178CD73-80D6-4706-B021-1076B007BF1B}.Release|Any CPU.Build.0 = Release|Any CPU
		{63AEFE3F-B528-4BA2-B7C8-9B26513D455A}.Debug|Any CPU.ActiveCfg = Debug|Any CPU
		{63AEFE3F-B528-4BA2-B7C8-9B26513D455A}.Debug|Any CPU.Build.0 = Debug|Any CPU
		{63AEFE3F-B528-4BA2-B7C8-9B26513D455A}.Release|Any CPU.ActiveCfg = Release|Any CPU
		{63AEFE3F-B528-4BA2-B7C8-9B26513D455A}.Release|Any CPU.Build.0 = Release|Any CPU
	EndGlobalSection
	GlobalSection(SolutionProperties) = preSolution
		HideSolutionNode = FALSE
	EndGlobalSection
	GlobalSection(ExtensibilityGlobals) = postSolution
		SolutionGuid = {73547EF6-E217-4331-AD76-18F948186F2F}
	EndGlobalSection
EndGlobal
